// !$*UTF8*$!
{
	archiveVersion = 1;
	classes = {
	};
	objectVersion = 77;
	objects = {

/* Begin PBXBuildFile section */
		0147A3EE4535003BDD432E3F /* Decimal+PriceText.swift in Sources */ = {isa = PBXBuildFile; fileRef = 285E2CAD84B810EC1F538D90 /* Decimal+PriceText.swift */; };
		080DF6BFF83910336C96C937 /* PurchasableItem.swift in Sources */ = {isa = PBXBuildFile; fileRef = CC4C792527F32DA034CA27EA /* PurchasableItem.swift */; };
		0A0417119ECEBED0A8FD516F /* Ink.swift in Sources */ = {isa = PBXBuildFile; fileRef = 7A77DCEC498D492F4EC1E535 /* Ink.swift */; };
		0EC967E35C64D2E411CF9FE8 /* Color+Hex.swift in Sources */ = {isa = PBXBuildFile; fileRef = 59AB0ADC04AD2BAC05E396D3 /* Color+Hex.swift */; };
		2E24A2C87CD3C5ADE49E4380 /* PenTrackerApp.swift in Sources */ = {isa = PBXBuildFile; fileRef = 1BBC9901E7E4720FDFCDEDED /* PenTrackerApp.swift */; };
		2F12D98146AD977AD119F91E /* PaperEditView.swift in Sources */ = {isa = PBXBuildFile; fileRef = 3C7DA06BB2C1B3F206092143 /* PaperEditView.swift */; };
		2FCFBBD1805FB2876AD16736 /* Date+Abbreviated.swift in Sources */ = {isa = PBXBuildFile; fileRef = 9EFF61AC206020822BB9F0FF /* Date+Abbreviated.swift */; };
		32F2F13ADE59CF497DD660D2 /* ContentView.swift in Sources */ = {isa = PBXBuildFile; fileRef = 7624332A8112A8A5D6C32867 /* ContentView.swift */; };
		3667426859C15F6A6C838CFE /* PurchaseInfoFormState.swift in Sources */ = {isa = PBXBuildFile; fileRef = 63721A34488B63DB10D8E8A7 /* PurchaseInfoFormState.swift */; };
		3FFD5F8577F21D9CE264FCB9 /* PenEditView.swift in Sources */ = {isa = PBXBuildFile; fileRef = 6E1910B3E70B6C91481EA13F /* PenEditView.swift */; };
		4428675AB066C5A1E24D5EB1 /* StatusBadge.swift in Sources */ = {isa = PBXBuildFile; fileRef = 7A8EB5B2C9E33330BAEAF27F /* StatusBadge.swift */; };
		456C5DD29834155C632A01DE /* InkThisPenSheet.swift in Sources */ = {isa = PBXBuildFile; fileRef = 2F9815B0C647F6582E69F805 /* InkThisPenSheet.swift */; };
		4C418E0FCFA5E696326E4DE3 /* PurchaseInfoView.swift in Sources */ = {isa = PBXBuildFile; fileRef = F534928080EBB646575729B5 /* PurchaseInfoView.swift */; };
		5B7525D63863B06A79C8D659 /* PhotoSection.swift in Sources */ = {isa = PBXBuildFile; fileRef = D570F03333B526DB04FD5CC3 /* PhotoSection.swift */; };
		5D284A1B71A138B832E4A930 /* PaperListView.swift in Sources */ = {isa = PBXBuildFile; fileRef = E066DBBD3FEE16F3FA662B16 /* PaperListView.swift */; };
		6451363F258C9676E7B16A42 /* ColorSwatchView.swift in Sources */ = {isa = PBXBuildFile; fileRef = C6A57626DB3AF848021B03E2 /* ColorSwatchView.swift */; };
		6ECC241524ADFDF325415333 /* InkEditView.swift in Sources */ = {isa = PBXBuildFile; fileRef = 20EE363B19ADC66BB0F9678C /* InkEditView.swift */; };
		73BA82BBE462D3441DE69774 /* Pen.swift in Sources */ = {isa = PBXBuildFile; fileRef = 576BDB50525EE57D9D35FECA /* Pen.swift */; };
		76C706E099B0DBBABF027857 /* ImagePickerButton.swift in Sources */ = {isa = PBXBuildFile; fileRef = 9D93D5A98AFAFF6999D3BD90 /* ImagePickerButton.swift */; };
		8018924704AC81EADC561C0A /* InkListView.swift in Sources */ = {isa = PBXBuildFile; fileRef = 5345DBBD67131D465533E463 /* InkListView.swift */; };
		8C7B55B60C1EA371C4279F78 /* RatingView.swift in Sources */ = {isa = PBXBuildFile; fileRef = 1C6199FE0AF9B740D8E556F3 /* RatingView.swift */; };
		8D2B1E6A9CDF57C88B55B923 /* CurrentlyInkedView.swift in Sources */ = {isa = PBXBuildFile; fileRef = 85EE12422A83F90D651310FE /* CurrentlyInkedView.swift */; };
		94017A995B537D21609E9397 /* CollectionListView.swift in Sources */ = {isa = PBXBuildFile; fileRef = AF4B8229C864AEC465C5A702 /* CollectionListView.swift */; };
		AA1401EE0B2B66A4CC7D64A5 /* Paper.swift in Sources */ = {isa = PBXBuildFile; fileRef = BBA0BDACBD989BB7B9BC2030 /* Paper.swift */; };
		ABC1834F184C1E2336D47D2D /* PenDetailView.swift in Sources */ = {isa = PBXBuildFile; fileRef = 9748C846569014AE080321B6 /* PenDetailView.swift */; };
		AF546225BC4158A19E33F21B /* CollectionStatus.swift in Sources */ = {isa = PBXBuildFile; fileRef = AEF43B6E119B064F14832824 /* CollectionStatus.swift */; };
		B29FB2E1FA1057F9E7F21B94 /* SwatchGalleryView.swift in Sources */ = {isa = PBXBuildFile; fileRef = 6BF46029767F78CAE298DBD4 /* SwatchGalleryView.swift */; };
		B4C2C147A29FD30D956FF63A /* PaperRowView.swift in Sources */ = {isa = PBXBuildFile; fileRef = EA16BFE20A957AE1BB5D5AB9 /* PaperRowView.swift */; };
		BB5E86EDEB9B6C7B63EBF36F /* SidebarSection.swift in Sources */ = {isa = PBXBuildFile; fileRef = D5118B4A9947BB43F219461B /* SidebarSection.swift */; };
		BBE1287307FDFCDEB4B5C589 /* PenRowView.swift in Sources */ = {isa = PBXBuildFile; fileRef = 253DE75CA147BFCD50599BA3 /* PenRowView.swift */; };
		C2C6D573A08098CAA2EF7094 /* SwatchDetailView.swift in Sources */ = {isa = PBXBuildFile; fileRef = 8E54A15A7F484CFB12EA8164 /* SwatchDetailView.swift */; };
		CDD2943BBA7FDC5C348C99D6 /* PenListView.swift in Sources */ = {isa = PBXBuildFile; fileRef = 024768ED8F74C580A7CD2F97 /* PenListView.swift */; };
		CEB456C64C434592CC285526 /* Swatch.swift in Sources */ = {isa = PBXBuildFile; fileRef = 643A6179D8CC1708E986D3B9 /* Swatch.swift */; };
		D161E81F722382A9C91A3D30 /* InkDetailView.swift in Sources */ = {isa = PBXBuildFile; fileRef = 41A2693D1316CFD3C5267CF6 /* InkDetailView.swift */; };
		E14CF3283B329D0A8096C0D3 /* ModelContainer+PenTracker.swift in Sources */ = {isa = PBXBuildFile; fileRef = C57E0453A6466220AFE4DE1E /* ModelContainer+PenTracker.swift */; };
		E22C40E1F83295148BD1790A /* SwatchEditSheet.swift in Sources */ = {isa = PBXBuildFile; fileRef = 422DA4668D99964DD33E8596 /* SwatchEditSheet.swift */; };
		E74971EB4F739A33211BEEF7 /* PurchaseInfoEditSection.swift in Sources */ = {isa = PBXBuildFile; fileRef = 0F9EE6A7FB7EC46AA9CE2E6F /* PurchaseInfoEditSection.swift */; };
		E7C49C97828DBC0EC3BDBFC5 /* CollectibleItem.swift in Sources */ = {isa = PBXBuildFile; fileRef = A7FD35ACF38ACEE0D4038379 /* CollectibleItem.swift */; };
		F32E48903B92F2E33259193F /* Inking.swift in Sources */ = {isa = PBXBuildFile; fileRef = 5A571AEC9AA3E210ED33C46C /* Inking.swift */; };
		F3C2F9DFAD50DC78322529B4 /* InkRowView.swift in Sources */ = {isa = PBXBuildFile; fileRef = 56E03BCA779DF5BEF081378A /* InkRowView.swift */; };
		FE0D9BB5630F5456402435C4 /* PaperDetailView.swift in Sources */ = {isa = PBXBuildFile; fileRef = C4CA789DA104AA064634163F /* PaperDetailView.swift */; };
/* End PBXBuildFile section */

/* Begin PBXFileReference section */
		024768ED8F74C580A7CD2F97 /* PenListView.swift */ = {isa = PBXFileReference; lastKnownFileType = sourcecode.swift; path = PenListView.swift; sourceTree = "<group>"; };
		0F9EE6A7FB7EC46AA9CE2E6F /* PurchaseInfoEditSection.swift */ = {isa = PBXFileReference; lastKnownFileType = sourcecode.swift; path = PurchaseInfoEditSection.swift; sourceTree = "<group>"; };
		1BBC9901E7E4720FDFCDEDED /* PenTrackerApp.swift */ = {isa = PBXFileReference; lastKnownFileType = sourcecode.swift; path = PenTrackerApp.swift; sourceTree = "<group>"; };
		1C6199FE0AF9B740D8E556F3 /* RatingView.swift */ = {isa = PBXFileReference; lastKnownFileType = sourcecode.swift; path = RatingView.swift; sourceTree = "<group>"; };
		20EE363B19ADC66BB0F9678C /* InkEditView.swift */ = {isa = PBXFileReference; lastKnownFileType = sourcecode.swift; path = InkEditView.swift; sourceTree = "<group>"; };
		253DE75CA147BFCD50599BA3 /* PenRowView.swift */ = {isa = PBXFileReference; lastKnownFileType = sourcecode.swift; path = PenRowView.swift; sourceTree = "<group>"; };
		285E2CAD84B810EC1F538D90 /* Decimal+PriceText.swift */ = {isa = PBXFileReference; lastKnownFileType = sourcecode.swift; path = "Decimal+PriceText.swift"; sourceTree = "<group>"; };
		2F9815B0C647F6582E69F805 /* InkThisPenSheet.swift */ = {isa = PBXFileReference; lastKnownFileType = sourcecode.swift; path = InkThisPenSheet.swift; sourceTree = "<group>"; };
		3C7DA06BB2C1B3F206092143 /* PaperEditView.swift */ = {isa = PBXFileReference; lastKnownFileType = sourcecode.swift; path = PaperEditView.swift; sourceTree = "<group>"; };
		41A2693D1316CFD3C5267CF6 /* InkDetailView.swift */ = {isa = PBXFileReference; lastKnownFileType = sourcecode.swift; path = InkDetailView.swift; sourceTree = "<group>"; };
		422DA4668D99964DD33E8596 /* SwatchEditSheet.swift */ = {isa = PBXFileReference; lastKnownFileType = sourcecode.swift; path = SwatchEditSheet.swift; sourceTree = "<group>"; };
		5345DBBD67131D465533E463 /* InkListView.swift */ = {isa = PBXFileReference; lastKnownFileType = sourcecode.swift; path = InkListView.swift; sourceTree = "<group>"; };
		56E03BCA779DF5BEF081378A /* InkRowView.swift */ = {isa = PBXFileReference; lastKnownFileType = sourcecode.swift; path = InkRowView.swift; sourceTree = "<group>"; };
		576BDB50525EE57D9D35FECA /* Pen.swift */ = {isa = PBXFileReference; lastKnownFileType = sourcecode.swift; path = Pen.swift; sourceTree = "<group>"; };
		59AB0ADC04AD2BAC05E396D3 /* Color+Hex.swift */ = {isa = PBXFileReference; lastKnownFileType = sourcecode.swift; path = "Color+Hex.swift"; sourceTree = "<group>"; };
		5A571AEC9AA3E210ED33C46C /* Inking.swift */ = {isa = PBXFileReference; lastKnownFileType = sourcecode.swift; path = Inking.swift; sourceTree = "<group>"; };
		63721A34488B63DB10D8E8A7 /* PurchaseInfoFormState.swift */ = {isa = PBXFileReference; lastKnownFileType = sourcecode.swift; path = PurchaseInfoFormState.swift; sourceTree = "<group>"; };
		643A6179D8CC1708E986D3B9 /* Swatch.swift */ = {isa = PBXFileReference; lastKnownFileType = sourcecode.swift; path = Swatch.swift; sourceTree = "<group>"; };
		6BF46029767F78CAE298DBD4 /* SwatchGalleryView.swift */ = {isa = PBXFileReference; lastKnownFileType = sourcecode.swift; path = SwatchGalleryView.swift; sourceTree = "<group>"; };
		6E1910B3E70B6C91481EA13F /* PenEditView.swift */ = {isa = PBXFileReference; lastKnownFileType = sourcecode.swift; path = PenEditView.swift; sourceTree = "<group>"; };
		731B0F9D2E86D45041F3430F /* PenTracker.app */ = {isa = PBXFileReference; explicitFileType = wrapper.application; includeInIndex = 0; path = PenTracker.app; sourceTree = BUILT_PRODUCTS_DIR; };
		7624332A8112A8A5D6C32867 /* ContentView.swift */ = {isa = PBXFileReference; lastKnownFileType = sourcecode.swift; path = ContentView.swift; sourceTree = "<group>"; };
		7A77DCEC498D492F4EC1E535 /* Ink.swift */ = {isa = PBXFileReference; lastKnownFileType = sourcecode.swift; path = Ink.swift; sourceTree = "<group>"; };
		7A8EB5B2C9E33330BAEAF27F /* StatusBadge.swift */ = {isa = PBXFileReference; lastKnownFileType = sourcecode.swift; path = StatusBadge.swift; sourceTree = "<group>"; };
		85EE12422A83F90D651310FE /* CurrentlyInkedView.swift */ = {isa = PBXFileReference; lastKnownFileType = sourcecode.swift; path = CurrentlyInkedView.swift; sourceTree = "<group>"; };
		8E54A15A7F484CFB12EA8164 /* SwatchDetailView.swift */ = {isa = PBXFileReference; lastKnownFileType = sourcecode.swift; path = SwatchDetailView.swift; sourceTree = "<group>"; };
		9748C846569014AE080321B6 /* PenDetailView.swift */ = {isa = PBXFileReference; lastKnownFileType = sourcecode.swift; path = PenDetailView.swift; sourceTree = "<group>"; };
		9D93D5A98AFAFF6999D3BD90 /* ImagePickerButton.swift */ = {isa = PBXFileReference; lastKnownFileType = sourcecode.swift; path = ImagePickerButton.swift; sourceTree = "<group>"; };
		9EFF61AC206020822BB9F0FF /* Date+Abbreviated.swift */ = {isa = PBXFileReference; lastKnownFileType = sourcecode.swift; path = "Date+Abbreviated.swift"; sourceTree = "<group>"; };
		A7FD35ACF38ACEE0D4038379 /* CollectibleItem.swift */ = {isa = PBXFileReference; lastKnownFileType = sourcecode.swift; path = CollectibleItem.swift; sourceTree = "<group>"; };
		AEF43B6E119B064F14832824 /* CollectionStatus.swift */ = {isa = PBXFileReference; lastKnownFileType = sourcecode.swift; path = CollectionStatus.swift; sourceTree = "<group>"; };
		AF4B8229C864AEC465C5A702 /* CollectionListView.swift */ = {isa = PBXFileReference; lastKnownFileType = sourcecode.swift; path = CollectionListView.swift; sourceTree = "<group>"; };
		BBA0BDACBD989BB7B9BC2030 /* Paper.swift */ = {isa = PBXFileReference; lastKnownFileType = sourcecode.swift; path = Paper.swift; sourceTree = "<group>"; };
		C4CA789DA104AA064634163F /* PaperDetailView.swift */ = {isa = PBXFileReference; lastKnownFileType = sourcecode.swift; path = PaperDetailView.swift; sourceTree = "<group>"; };
		C57E0453A6466220AFE4DE1E /* ModelContainer+PenTracker.swift */ = {isa = PBXFileReference; lastKnownFileType = sourcecode.swift; path = "ModelContainer+PenTracker.swift"; sourceTree = "<group>"; };
		C6A57626DB3AF848021B03E2 /* ColorSwatchView.swift */ = {isa = PBXFileReference; lastKnownFileType = sourcecode.swift; path = ColorSwatchView.swift; sourceTree = "<group>"; };
		CC4C792527F32DA034CA27EA /* PurchasableItem.swift */ = {isa = PBXFileReference; lastKnownFileType = sourcecode.swift; path = PurchasableItem.swift; sourceTree = "<group>"; };
		D5118B4A9947BB43F219461B /* SidebarSection.swift */ = {isa = PBXFileReference; lastKnownFileType = sourcecode.swift; path = SidebarSection.swift; sourceTree = "<group>"; };
		D570F03333B526DB04FD5CC3 /* PhotoSection.swift */ = {isa = PBXFileReference; lastKnownFileType = sourcecode.swift; path = PhotoSection.swift; sourceTree = "<group>"; };
		E066DBBD3FEE16F3FA662B16 /* PaperListView.swift */ = {isa = PBXFileReference; lastKnownFileType = sourcecode.swift; path = PaperListView.swift; sourceTree = "<group>"; };
		EA16BFE20A957AE1BB5D5AB9 /* PaperRowView.swift */ = {isa = PBXFileReference; lastKnownFileType = sourcecode.swift; path = PaperRowView.swift; sourceTree = "<group>"; };
		F534928080EBB646575729B5 /* PurchaseInfoView.swift */ = {isa = PBXFileReference; lastKnownFileType = sourcecode.swift; path = PurchaseInfoView.swift; sourceTree = "<group>"; };
/* End PBXFileReference section */

/* Begin PBXGroup section */
		1C5889C7B11A9A0BF58F0E27 /* Products */ = {
			isa = PBXGroup;
			children = (
				731B0F9D2E86D45041F3430F /* PenTracker.app */,
			);
			name = Products;
			sourceTree = "<group>";
		};
		1FE469ACC0375237F1E5A20B /* Papers */ = {
			isa = PBXGroup;
			children = (
				C4CA789DA104AA064634163F /* PaperDetailView.swift */,
				3C7DA06BB2C1B3F206092143 /* PaperEditView.swift */,
				E066DBBD3FEE16F3FA662B16 /* PaperListView.swift */,
				EA16BFE20A957AE1BB5D5AB9 /* PaperRowView.swift */,
			);
			path = Papers;
			sourceTree = "<group>";
		};
		22E0D2C9EDD2AF53F842E17F /* Features */ = {
			isa = PBXGroup;
			children = (
				AC8A1453E6D9A63504B4C421 /* Dashboard */,
				ACDC06B1C2C3DC2980C5E5EC /* Inkings */,
				89ABFE4103436040D40C3D90 /* Inks */,
				1FE469ACC0375237F1E5A20B /* Papers */,
				9F1A0150D027FE572F9D7E82 /* Pens */,
				416CD5539DC2B89CB77791CD /* Swatches */,
			);
			path = Features;
			sourceTree = "<group>";
		};
		313271D2C97EB90099D321F6 /* Models */ = {
			isa = PBXGroup;
			children = (
				AEF43B6E119B064F14832824 /* CollectionStatus.swift */,
				7A77DCEC498D492F4EC1E535 /* Ink.swift */,
				5A571AEC9AA3E210ED33C46C /* Inking.swift */,
				BBA0BDACBD989BB7B9BC2030 /* Paper.swift */,
				576BDB50525EE57D9D35FECA /* Pen.swift */,
				643A6179D8CC1708E986D3B9 /* Swatch.swift */,
			);
			path = Models;
			sourceTree = "<group>";
		};
		416CD5539DC2B89CB77791CD /* Swatches */ = {
			isa = PBXGroup;
			children = (
				8E54A15A7F484CFB12EA8164 /* SwatchDetailView.swift */,
				422DA4668D99964DD33E8596 /* SwatchEditSheet.swift */,
				6BF46029767F78CAE298DBD4 /* SwatchGalleryView.swift */,
			);
			path = Swatches;
			sourceTree = "<group>";
		};
		4F8CC9A8E8C1A8BBF1995B80 /* Sources */ = {
			isa = PBXGroup;
			children = (
				F9AC005E17621CF6789A12C5 /* PenTracker */,
			);
			path = Sources;
			sourceTree = "<group>";
		};
		5526B1062432BE275DB053E8 /* Persistence */ = {
			isa = PBXGroup;
			children = (
				C57E0453A6466220AFE4DE1E /* ModelContainer+PenTracker.swift */,
			);
			path = Persistence;
			sourceTree = "<group>";
		};
		89ABFE4103436040D40C3D90 /* Inks */ = {
			isa = PBXGroup;
			children = (
				41A2693D1316CFD3C5267CF6 /* InkDetailView.swift */,
				20EE363B19ADC66BB0F9678C /* InkEditView.swift */,
				5345DBBD67131D465533E463 /* InkListView.swift */,
				56E03BCA779DF5BEF081378A /* InkRowView.swift */,
			);
			path = Inks;
			sourceTree = "<group>";
		};
		98BD2D536259C51EFF1B777A /* Shared */ = {
			isa = PBXGroup;
			children = (
				A7FD35ACF38ACEE0D4038379 /* CollectibleItem.swift */,
				AF4B8229C864AEC465C5A702 /* CollectionListView.swift */,
				59AB0ADC04AD2BAC05E396D3 /* Color+Hex.swift */,
				C6A57626DB3AF848021B03E2 /* ColorSwatchView.swift */,
				9EFF61AC206020822BB9F0FF /* Date+Abbreviated.swift */,
				285E2CAD84B810EC1F538D90 /* Decimal+PriceText.swift */,
				9D93D5A98AFAFF6999D3BD90 /* ImagePickerButton.swift */,
				D570F03333B526DB04FD5CC3 /* PhotoSection.swift */,
				CC4C792527F32DA034CA27EA /* PurchasableItem.swift */,
				0F9EE6A7FB7EC46AA9CE2E6F /* PurchaseInfoEditSection.swift */,
				63721A34488B63DB10D8E8A7 /* PurchaseInfoFormState.swift */,
				F534928080EBB646575729B5 /* PurchaseInfoView.swift */,
				1C6199FE0AF9B740D8E556F3 /* RatingView.swift */,
				7A8EB5B2C9E33330BAEAF27F /* StatusBadge.swift */,
			);
			path = Shared;
			sourceTree = "<group>";
		};
		9F1A0150D027FE572F9D7E82 /* Pens */ = {
			isa = PBXGroup;
			children = (
				9748C846569014AE080321B6 /* PenDetailView.swift */,
				6E1910B3E70B6C91481EA13F /* PenEditView.swift */,
				024768ED8F74C580A7CD2F97 /* PenListView.swift */,
				253DE75CA147BFCD50599BA3 /* PenRowView.swift */,
			);
			path = Pens;
			sourceTree = "<group>";
		};
		AC8A1453E6D9A63504B4C421 /* Dashboard */ = {
			isa = PBXGroup;
			children = (
				85EE12422A83F90D651310FE /* CurrentlyInkedView.swift */,
			);
			path = Dashboard;
			sourceTree = "<group>";
		};
		ACDC06B1C2C3DC2980C5E5EC /* Inkings */ = {
			isa = PBXGroup;
			children = (
				2F9815B0C647F6582E69F805 /* InkThisPenSheet.swift */,
			);
			path = Inkings;
			sourceTree = "<group>";
		};
		D9111121F33F0BC47A3C3E5F = {
			isa = PBXGroup;
			children = (
				4F8CC9A8E8C1A8BBF1995B80 /* Sources */,
				1C5889C7B11A9A0BF58F0E27 /* Products */,
			);
			sourceTree = "<group>";
		};
		E1F98AB5C3F46F55F599469D /* App */ = {
			isa = PBXGroup;
			children = (
				7624332A8112A8A5D6C32867 /* ContentView.swift */,
				1BBC9901E7E4720FDFCDEDED /* PenTrackerApp.swift */,
				D5118B4A9947BB43F219461B /* SidebarSection.swift */,
			);
			path = App;
			sourceTree = "<group>";
		};
		F9AC005E17621CF6789A12C5 /* PenTracker */ = {
			isa = PBXGroup;
			children = (
				E1F98AB5C3F46F55F599469D /* App */,
				22E0D2C9EDD2AF53F842E17F /* Features */,
				313271D2C97EB90099D321F6 /* Models */,
				5526B1062432BE275DB053E8 /* Persistence */,
				98BD2D536259C51EFF1B777A /* Shared */,
			);
			path = PenTracker;
			sourceTree = "<group>";
		};
/* End PBXGroup section */

/* Begin PBXNativeTarget section */
		AFD536479822B6E61CD2CDD0 /* PenTracker */ = {
			isa = PBXNativeTarget;
			buildConfigurationList = C2A569C3A673AB6023213537 /* Build configuration list for PBXNativeTarget "PenTracker" */;
			buildPhases = (
				46B10CF2DC5CFD28AF416A5C /* Sources */,
			);
			buildRules = (
			);
			dependencies = (
			);
			name = PenTracker;
			packageProductDependencies = (
			);
			productName = PenTracker;
			productReference = 731B0F9D2E86D45041F3430F /* PenTracker.app */;
			productType = "com.apple.product-type.application";
		};
/* End PBXNativeTarget section */

/* Begin PBXProject section */
		417972262618DB2A81688818 /* Project object */ = {
			isa = PBXProject;
			attributes = {
				BuildIndependentTargetsInParallel = YES;
				LastUpgradeCheck = 1430;
				TargetAttributes = {
					AFD536479822B6E61CD2CDD0 = {
						ProvisioningStyle = Manual;
					};
				};
			};
			buildConfigurationList = FD938FF03E296E0E61215CDC /* Build configuration list for PBXProject "PenTracker" */;
			developmentRegion = en;
			hasScannedForEncodings = 0;
			knownRegions = (
				Base,
				en,
			);
			mainGroup = D9111121F33F0BC47A3C3E5F;
			minimizedProjectReferenceProxies = 1;
			preferredProjectObjectVersion = 77;
			productRefGroup = 1C5889C7B11A9A0BF58F0E27 /* Products */;
			projectDirPath = "";
			projectRoot = "";
			targets = (
				AFD536479822B6E61CD2CDD0 /* PenTracker */,
			);
		};
/* End PBXProject section */

/* Begin PBXSourcesBuildPhase section */
		46B10CF2DC5CFD28AF416A5C /* Sources */ = {
			isa = PBXSourcesBuildPhase;
			buildActionMask = 2147483647;
			files = (
				E7C49C97828DBC0EC3BDBFC5 /* CollectibleItem.swift in Sources */,
				94017A995B537D21609E9397 /* CollectionListView.swift in Sources */,
				AF546225BC4158A19E33F21B /* CollectionStatus.swift in Sources */,
				0EC967E35C64D2E411CF9FE8 /* Color+Hex.swift in Sources */,
				6451363F258C9676E7B16A42 /* ColorSwatchView.swift in Sources */,
				32F2F13ADE59CF497DD660D2 /* ContentView.swift in Sources */,
				8D2B1E6A9CDF57C88B55B923 /* CurrentlyInkedView.swift in Sources */,
				2FCFBBD1805FB2876AD16736 /* Date+Abbreviated.swift in Sources */,
				0147A3EE4535003BDD432E3F /* Decimal+PriceText.swift in Sources */,
				76C706E099B0DBBABF027857 /* ImagePickerButton.swift in Sources */,
				0A0417119ECEBED0A8FD516F /* Ink.swift in Sources */,
				D161E81F722382A9C91A3D30 /* InkDetailView.swift in Sources */,
				6ECC241524ADFDF325415333 /* InkEditView.swift in Sources */,
				8018924704AC81EADC561C0A /* InkListView.swift in Sources */,
				F3C2F9DFAD50DC78322529B4 /* InkRowView.swift in Sources */,
				456C5DD29834155C632A01DE /* InkThisPenSheet.swift in Sources */,
				F32E48903B92F2E33259193F /* Inking.swift in Sources */,
				E14CF3283B329D0A8096C0D3 /* ModelContainer+PenTracker.swift in Sources */,
				AA1401EE0B2B66A4CC7D64A5 /* Paper.swift in Sources */,
				FE0D9BB5630F5456402435C4 /* PaperDetailView.swift in Sources */,
				2F12D98146AD977AD119F91E /* PaperEditView.swift in Sources */,
				5D284A1B71A138B832E4A930 /* PaperListView.swift in Sources */,
				B4C2C147A29FD30D956FF63A /* PaperRowView.swift in Sources */,
				73BA82BBE462D3441DE69774 /* Pen.swift in Sources */,
				ABC1834F184C1E2336D47D2D /* PenDetailView.swift in Sources */,
				3FFD5F8577F21D9CE264FCB9 /* PenEditView.swift in Sources */,
				CDD2943BBA7FDC5C348C99D6 /* PenListView.swift in Sources */,
				BBE1287307FDFCDEB4B5C589 /* PenRowView.swift in Sources */,
				2E24A2C87CD3C5ADE49E4380 /* PenTrackerApp.swift in Sources */,
				5B7525D63863B06A79C8D659 /* PhotoSection.swift in Sources */,
				080DF6BFF83910336C96C937 /* PurchasableItem.swift in Sources */,
				E74971EB4F739A33211BEEF7 /* PurchaseInfoEditSection.swift in Sources */,
				3667426859C15F6A6C838CFE /* PurchaseInfoFormState.swift in Sources */,
				4C418E0FCFA5E696326E4DE3 /* PurchaseInfoView.swift in Sources */,
				8C7B55B60C1EA371C4279F78 /* RatingView.swift in Sources */,
				BB5E86EDEB9B6C7B63EBF36F /* SidebarSection.swift in Sources */,
				4428675AB066C5A1E24D5EB1 /* StatusBadge.swift in Sources */,
				CEB456C64C434592CC285526 /* Swatch.swift in Sources */,
				C2C6D573A08098CAA2EF7094 /* SwatchDetailView.swift in Sources */,
				E22C40E1F83295148BD1790A /* SwatchEditSheet.swift in Sources */,
				B29FB2E1FA1057F9E7F21B94 /* SwatchGalleryView.swift in Sources */,
			);
			runOnlyForDeploymentPostprocessing = 0;
		};
/* End PBXSourcesBuildPhase section */

/* Begin XCBuildConfiguration section */
		5C2A790497BFD11F18EE7D8A /* Release */ = {
			isa = XCBuildConfiguration;
			buildSettings = {
				ASSETCATALOG_COMPILER_APPICON_NAME = AppIcon;
				COMBINE_HIDPI_IMAGES = YES;
				LD_RUNPATH_SEARCH_PATHS = (
					"$(inherited)",
					"@executable_path/../Frameworks",
				);
				MACOSX_DEPLOYMENT_TARGET = 14.0;
				PRODUCT_BUNDLE_IDENTIFIER = com.local.pentracker;
				PRODUCT_NAME = PenTracker;
				SDKROOT = macosx;
			};
			name = Release;
		};
		7FA8A5C55455F944C4968A76 /* Debug */ = {
			isa = XCBuildConfiguration;
			buildSettings = {
				ASSETCATALOG_COMPILER_APPICON_NAME = AppIcon;
				COMBINE_HIDPI_IMAGES = YES;
				LD_RUNPATH_SEARCH_PATHS = (
					"$(inherited)",
					"@executable_path/../Frameworks",
				);
				MACOSX_DEPLOYMENT_TARGET = 14.0;
				PRODUCT_BUNDLE_IDENTIFIER = com.local.pentracker;
				PRODUCT_NAME = PenTracker;
				SDKROOT = macosx;
			};
			name = Debug;
		};
		9D3F6F5C5BDD44D05F477DC5 /* Debug */ = {
			isa = XCBuildConfiguration;
			buildSettings = {
				ALWAYS_SEARCH_USER_PATHS = NO;
				CLANG_ANALYZER_NONNULL = YES;
				CLANG_ANALYZER_NUMBER_OBJECT_CONVERSION = YES_AGGRESSIVE;
				CLANG_CXX_LANGUAGE_STANDARD = "gnu++14";
				CLANG_CXX_LIBRARY = "libc++";
				CLANG_ENABLE_MODULES = YES;
				CLANG_ENABLE_OBJC_ARC = YES;
				CLANG_ENABLE_OBJC_WEAK = YES;
				CLANG_WARN_BLOCK_CAPTURE_AUTORELEASING = YES;
				CLANG_WARN_BOOL_CONVERSION = YES;
				CLANG_WARN_COMMA = YES;
				CLANG_WARN_CONSTANT_CONVERSION = YES;
				CLANG_WARN_DEPRECATED_OBJC_IMPLEMENTATIONS = YES;
				CLANG_WARN_DIRECT_OBJC_ISA_USAGE = YES_ERROR;
				CLANG_WARN_DOCUMENTATION_COMMENTS = YES;
				CLANG_WARN_EMPTY_BODY = YES;
				CLANG_WARN_ENUM_CONVERSION = YES;
				CLANG_WARN_INFINITE_RECURSION = YES;
				CLANG_WARN_INT_CONVERSION = YES;
				CLANG_WARN_NON_LITERAL_NULL_CONVERSION = YES;
				CLANG_WARN_OBJC_IMPLICIT_RETAIN_SELF = YES;
				CLANG_WARN_OBJC_LITERAL_CONVERSION = YES;
				CLANG_WARN_OBJC_ROOT_CLASS = YES_ERROR;
				CLANG_WARN_QUOTED_INCLUDE_IN_FRAMEWORK_HEADER = YES;
				CLANG_WARN_RANGE_LOOP_ANALYSIS = YES;
				CLANG_WARN_STRICT_PROTOTYPES = YES;
				CLANG_WARN_SUSPICIOUS_MOVE = YES;
				CLANG_WARN_UNGUARDED_AVAILABILITY = YES_AGGRESSIVE;
				CLANG_WARN_UNREACHABLE_CODE = YES;
				CLANG_WARN__DUPLICATE_METHOD_MATCH = YES;
				CODE_SIGNING_ALLOWED = YES;
				CODE_SIGNING_REQUIRED = NO;
				CODE_SIGN_IDENTITY = "-";
				CODE_SIGN_STYLE = Manual;
				COPY_PHASE_STRIP = NO;
				CURRENT_PROJECT_VERSION = 1;
				DEBUG_INFORMATION_FORMAT = dwarf;
				ENABLE_HARDENED_RUNTIME = NO;
				ENABLE_STRICT_OBJC_MSGSEND = YES;
				ENABLE_TESTABILITY = YES;
				GCC_C_LANGUAGE_STANDARD = gnu11;
				GCC_DYNAMIC_NO_PIC = NO;
				GCC_NO_COMMON_BLOCKS = YES;
				GCC_OPTIMIZATION_LEVEL = 0;
				GCC_PREPROCESSOR_DEFINITIONS = (
					"$(inherited)",
					"DEBUG=1",
				);
				GCC_WARN_64_TO_32_BIT_CONVERSION = YES;
				GCC_WARN_ABOUT_RETURN_TYPE = YES_ERROR;
				GCC_WARN_UNDECLARED_SELECTOR = YES;
				GCC_WARN_UNINITIALIZED_AUTOS = YES_AGGRESSIVE;
				GCC_WARN_UNUSED_FUNCTION = YES;
				GCC_WARN_UNUSED_VARIABLE = YES;
				GENERATE_INFOPLIST_FILE = YES;
				INFOPLIST_KEY_CFBundleDisplayName = PenTracker;
				INFOPLIST_KEY_NSHumanReadableCopyright = "Personal use, local only";
				MACOSX_DEPLOYMENT_TARGET = 14.0;
				MARKETING_VERSION = 1.0;
				MTL_ENABLE_DEBUG_INFO = INCLUDE_SOURCE;
				MTL_FAST_MATH = YES;
				ONLY_ACTIVE_ARCH = YES;
				PRODUCT_NAME = "$(TARGET_NAME)";
				SDKROOT = macosx;
				SWIFT_ACTIVE_COMPILATION_CONDITIONS = DEBUG;
				SWIFT_OPTIMIZATION_LEVEL = "-Onone";
				SWIFT_VERSION = 5.0;
			};
			name = Debug;
		};
		B54DF8C03683C36384B73865 /* Release */ = {
			isa = XCBuildConfiguration;
			buildSettings = {
				ALWAYS_SEARCH_USER_PATHS = NO;
				CLANG_ANALYZER_NONNULL = YES;
				CLANG_ANALYZER_NUMBER_OBJECT_CONVERSION = YES_AGGRESSIVE;
				CLANG_CXX_LANGUAGE_STANDARD = "gnu++14";
				CLANG_CXX_LIBRARY = "libc++";
				CLANG_ENABLE_MODULES = YES;
				CLANG_ENABLE_OBJC_ARC = YES;
				CLANG_ENABLE_OBJC_WEAK = YES;
				CLANG_WARN_BLOCK_CAPTURE_AUTORELEASING = YES;
				CLANG_WARN_BOOL_CONVERSION = YES;
				CLANG_WARN_COMMA = YES;
				CLANG_WARN_CONSTANT_CONVERSION = YES;
				CLANG_WARN_DEPRECATED_OBJC_IMPLEMENTATIONS = YES;
				CLANG_WARN_DIRECT_OBJC_ISA_USAGE = YES_ERROR;
				CLANG_WARN_DOCUMENTATION_COMMENTS = YES;
				CLANG_WARN_EMPTY_BODY = YES;
				CLANG_WARN_ENUM_CONVERSION = YES;
				CLANG_WARN_INFINITE_RECURSION = YES;
				CLANG_WARN_INT_CONVERSION = YES;
				CLANG_WARN_NON_LITERAL_NULL_CONVERSION = YES;
				CLANG_WARN_OBJC_IMPLICIT_RETAIN_SELF = YES;
				CLANG_WARN_OBJC_LITERAL_CONVERSION = YES;
				CLANG_WARN_OBJC_ROOT_CLASS = YES_ERROR;
				CLANG_WARN_QUOTED_INCLUDE_IN_FRAMEWORK_HEADER = YES;
				CLANG_WARN_RANGE_LOOP_ANALYSIS = YES;
				CLANG_WARN_STRICT_PROTOTYPES = YES;
				CLANG_WARN_SUSPICIOUS_MOVE = YES;
				CLANG_WARN_UNGUARDED_AVAILABILITY = YES_AGGRESSIVE;
				CLANG_WARN_UNREACHABLE_CODE = YES;
				CLANG_WARN__DUPLICATE_METHOD_MATCH = YES;
				CODE_SIGNING_ALLOWED = YES;
				CODE_SIGNING_REQUIRED = NO;
				CODE_SIGN_IDENTITY = "-";
				CODE_SIGN_STYLE = Manual;
				COPY_PHASE_STRIP = NO;
				CURRENT_PROJECT_VERSION = 1;
				DEBUG_INFORMATION_FORMAT = "dwarf-with-dsym";
				ENABLE_HARDENED_RUNTIME = NO;
				ENABLE_NS_ASSERTIONS = NO;
				ENABLE_STRICT_OBJC_MSGSEND = YES;
				GCC_C_LANGUAGE_STANDARD = gnu11;
				GCC_NO_COMMON_BLOCKS = YES;
				GCC_WARN_64_TO_32_BIT_CONVERSION = YES;
				GCC_WARN_ABOUT_RETURN_TYPE = YES_ERROR;
				GCC_WARN_UNDECLARED_SELECTOR = YES;
				GCC_WARN_UNINITIALIZED_AUTOS = YES_AGGRESSIVE;
				GCC_WARN_UNUSED_FUNCTION = YES;
				GCC_WARN_UNUSED_VARIABLE = YES;
				GENERATE_INFOPLIST_FILE = YES;
				INFOPLIST_KEY_CFBundleDisplayName = PenTracker;
				INFOPLIST_KEY_NSHumanReadableCopyright = "Personal use, local only";
				MACOSX_DEPLOYMENT_TARGET = 14.0;
				MARKETING_VERSION = 1.0;
				MTL_ENABLE_DEBUG_INFO = NO;
				MTL_FAST_MATH = YES;
				PRODUCT_NAME = "$(TARGET_NAME)";
				SDKROOT = macosx;
				SWIFT_COMPILATION_MODE = wholemodule;
				SWIFT_OPTIMIZATION_LEVEL = "-O";
				SWIFT_VERSION = 5.0;
			};
			name = Release;
		};
/* End XCBuildConfiguration section */

/* Begin XCConfigurationList section */
		C2A569C3A673AB6023213537 /* Build configuration list for PBXNativeTarget "PenTracker" */ = {
			isa = XCConfigurationList;
			buildConfigurations = (
				7FA8A5C55455F944C4968A76 /* Debug */,
				5C2A790497BFD11F18EE7D8A /* Release */,
			);
			defaultConfigurationIsVisible = 0;
			defaultConfigurationName = Debug;
		};
		FD938FF03E296E0E61215CDC /* Build configuration list for PBXProject "PenTracker" */ = {
			isa = XCConfigurationList;
			buildConfigurations = (
				9D3F6F5C5BDD44D05F477DC5 /* Debug */,
				B54DF8C03683C36384B73865 /* Release */,
			);
			defaultConfigurationIsVisible = 0;
			defaultConfigurationName = Debug;
		};
/* End XCConfigurationList section */
	};
	rootObject = 417972262618DB2A81688818 /* Project object */;
}
